
Microsoft Visual Studio Solution File, Format Version 12.00
# Visual Studio Version 17
VisualStudioVersion = 17.12.35527.113 d17.12
MinimumVisualStudioVersion = 10.0.40219.1
Project("{FAE04EC0-301F-11D3-BF4B-00C04F79EFBC}") = "Ejercicio3", "Ejercicio3\Ejercicio3.csproj", "{F954260B-5EFE-40C1-B5DD-6E39A33BA2FF}"
EndProject
Project("{FAE04EC0-301F-11D3-BF4B-00C04F79EFBC}") = "Ejercicio3.v2", "Ejercicio3.v2\Ejercicio3.v2.csproj", "{4DDFEE2B-CBF5-4D9D-BAAE-1A28B9B251E5}"
EndProject
Global
	GlobalSection(SolutionConfigurationPlatforms) = preSolution
		Debug|Any CPU = Debug|Any CPU
		Release|Any CPU = Release|Any CPU
	EndGlobalSection
	GlobalSection(ProjectConfigurationPlatforms) = postSolution
		{F954260B-5EFE-40C1-B5DD-6E39A33BA2FF}.Debug|Any CPU.ActiveCfg = Debug|Any CPU
		{F954260B-5EFE-40C1-B5DD-6E39A33BA2FF}.Debug|Any CPU.Build.0 = Debug|Any CPU
		{F954260B-5EFE-40C1-B5DD-6E39A33BA2FF}.Release|Any CPU.ActiveCfg = Release|Any CPU
		{F954260B-5EFE-40C1-B5DD-6E39A33BA2FF}.Release|Any CPU.Build.0 = Release|Any CPU
		{4DDFEE2B-CBF5-4D9D-BAAE-1A28B9B251E5}.Debug|Any CPU.ActiveCfg = Debug|Any CPU
		{4DDFEE2B-CBF5-4D9D-BAAE-1A28B9B251E5}.Debug|Any CPU.Build.0 = Debug|Any CPU
		{4DDFEE2B-CBF5-4D9D-BAAE-1A28B9B251E5}.Release|Any CPU.ActiveCfg = Release|Any CPU
		{4DDFEE2B-CBF5-4D9D-BAAE-1A28B9B251E5}.Release|Any CPU.Build.0 = Release|Any CPU
	EndGlobalSection
	GlobalSection(SolutionProperties) = preSolution
		HideSolutionNode = FALSE
	EndGlobalSection
EndGlobal
